
Microsoft Visual Studio Solution File, Format Version 12.00
# Visual Studio 15
VisualStudioVersion = 15.0.26430.15
MinimumVisualStudioVersion = 10.0.40219.1
Project("{FAE04EC0-301F-11D3-BF4B-00C04F79EFBC}") = "Konzolové aplikace", "Konzolové aplikace\Konzolové aplikace.csproj", "{0BD4CAB0-58D5-46A0-BB93-4F6328713CCE}"
EndProject
Global
	GlobalSection(SolutionConfigurationPlatforms) = preSolution
		Debug|Any CPU = Debug|Any CPU
		Release|Any CPU = Release|Any CPU
	EndGlobalSection
	GlobalSection(ProjectConfigurationPlatforms) = postSolution
		{0BD4CAB0-58D5-46A0-BB93-4F6328713CCE}.Debug|Any CPU.ActiveCfg = Debug|Any CPU
		{0BD4CAB0-58D5-46A0-BB93-4F6328713CCE}.Debug|Any CPU.Build.0 = Debug|Any CPU
		{0BD4CAB0-58D5-46A0-BB93-4F6328713CCE}.Release|Any CPU.ActiveCfg = Release|Any CPU
		{0BD4CAB0-58D5-46A0-BB93-4F6328713CCE}.Release|Any CPU.Build.0 = Release|Any CPU
	EndGlobalSection
	GlobalSection(SolutionProperties) = preSolution
		HideSolutionNode = FALSE
	EndGlobalSection
EndGlobal
